
Microsoft Visual Studio Solution File, Format Version 12.00
# Visual Studio 15
VisualStudioVersion = 15.0.28307.421
MinimumVisualStudioVersion = 10.0.40219.1
Project("{FAE04EC0-301F-11D3-BF4B-00C04F79EFBC}") = "App2.Android", "App2\App2.Android\App2.Android.csproj", "{102A6951-C129-4A07-A4C2-B495D84FCFEB}"
EndProject
Project("{FAE04EC0-301F-11D3-BF4B-00C04F79EFBC}") = "App2.iOS", "App2\App2.iOS\App2.iOS.csproj", "{C1360078-2356-4D31-88E3-BC5D4E3D4E1A}"
EndProject
Project("{FAE04EC0-301F-11D3-BF4B-00C04F79EFBC}") = "App2", "App2\App2\App2.csproj", "{6E492ADC-2F5F-4B50-9783-6FE752FFC88F}"
EndProject
Global
	GlobalSection(SolutionConfigurationPlatforms) = preSolution
		Ad-Hoc|Any CPU = Ad-Hoc|Any CPU
		Ad-Hoc|iPhone = Ad-Hoc|iPhone
		Ad-Hoc|iPhoneSimulator = Ad-Hoc|iPhoneSimulator
		AppStore|Any CPU = AppStore|Any CPU
		AppStore|iPhone = AppStore|iPhone
		AppStore|iPhoneSimulator = AppStore|iPhoneSimulator
		Debug|Any CPU = Debug|Any CPU
		Debug|iPhone = Debug|iPhone
		Debug|iPhoneSimulator = Debug|iPhoneSimulator
		Release|Any CPU = Release|Any CPU
		Release|iPhone = Release|iPhone
		Release|iPhoneSimulator = Release|iPhoneSimulator
	EndGlobalSection
	GlobalSection(ProjectConfigurationPlatforms) = postSolution
		{102A6951-C129-4A07-A4C2-B495D84FCFEB}.Ad-Hoc|Any CPU.ActiveCfg = Release|Any CPU
		{102A6951-C129-4A07-A4C2-B495D84FCFEB}.Ad-Hoc|Any CPU.Build.0 = Release|Any CPU
		{102A6951-C129-4A07-A4C2-B495D84FCFEB}.Ad-Hoc|Any CPU.Deploy.0 = Release|Any CPU
		{102A6951-C129-4A07-A4C2-B495D84FCFEB}.Ad-Hoc|iPhone.ActiveCfg = Release|Any CPU
		{102A6951-C129-4A07-A4C2-B495D84FCFEB}.Ad-Hoc|iPhone.Build.0 = Release|Any CPU
		{102A6951-C129-4A07-A4C2-B495D84FCFEB}.Ad-Hoc|iPhone.Deploy.0 = Release|Any CPU
		{102A6951-C129-4A07-A4C2-B495D84FCFEB}.Ad-Hoc|iPhoneSimulator.ActiveCfg = Release|Any CPU
		{102A6951-C129-4A07-A4C2-B495D84FCFEB}.Ad-Hoc|iPhoneSimulator.Build.0 = Release|Any CPU
		{102A6951-C129-4A07-A4C2-B495D84FCFEB}.Ad-Hoc|iPhoneSimulator.Deploy.0 = Release|Any CPU
		{102A6951-C129-4A07-A4C2-B495D84FCFEB}.AppStore|Any CPU.ActiveCfg = Release|Any CPU
		{102A6951-C129-4A07-A4C2-B495D84FCFEB}.AppStore|Any CPU.Build.0 = Release|Any CPU
		{102A6951-C129-4A07-A4C2-B495D84FCFEB}.AppStore|Any CPU.Deploy.0 = Release|Any CPU
		{102A6951-C129-4A07-A4C2-B495D84FCFEB}.AppStore|iPhone.ActiveCfg = Release|Any CPU
		{102A6951-C129-4A07-A4C2-B495D84FCFEB}.AppStore|iPhone.Build.0 = Release|Any CPU
		{102A6951-C129-4A07-A4C2-B495D84FCFEB}.AppStore|iPhone.Deploy.0 = Release|Any CPU
		{102A6951-C129-4A07-A4C2-B495D84FCFEB}.AppStore|iPhoneSimulator.ActiveCfg = Release|Any CPU
		{102A6951-C129-4A07-A4C2-B495D84FCFEB}.AppStore|iPhoneSimulator.Build.0 = Release|Any CPU
		{102A6951-C129-4A07-A4C2-B495D84FCFEB}.AppStore|iPhoneSimulator.Deploy.0 = Release|Any CPU
		{102A6951-C129-4A07-A4C2-B495D84FCFEB}.Debug|Any CPU.ActiveCfg = Debug|Any CPU
		{102A6951-C129-4A07-A4C2-B495D84FCFEB}.Debug|Any CPU.Build.0 = Debug|Any CPU
		{102A6951-C129-4A07-A4C2-B495D84FCFEB}.Debug|Any CPU.Deploy.0 = Debug|Any CPU
		{102A6951-C129-4A07-A4C2-B495D84FCFEB}.Debug|iPhone.ActiveCfg = Debug|Any CPU
		{102A6951-C129-4A07-A4C2-B495D84FCFEB}.Debug|iPhone.Build.0 = Debug|Any CPU
		{102A6951-C129-4A07-A4C2-B495D84FCFEB}.Debug|iPhone.Deploy.0 = Debug|Any CPU
		{102A6951-C129-4A07-A4C2-B495D84FCFEB}.Debug|iPhoneSimulator.ActiveCfg = Debug|Any CPU
		{102A6951-C129-4A07-A4C2-B495D84FCFEB}.Debug|iPhoneSimulator.Build.0 = Debug|Any CPU
		{102A6951-C129-4A07-A4C2-B495D84FCFEB}.Debug|iPhoneSimulator.Deploy.0 = Debug|Any CPU
		{102A6951-C129-4A07-A4C2-B495D84FCFEB}.Release|Any CPU.ActiveCfg = Release|Any CPU
		{102A6951-C129-4A07-A4C2-B495D84FCFEB}.Release|Any CPU.Build.0 = Release|Any CPU
		{102A6951-C129-4A07-A4C2-B495D84FCFEB}.Release|Any CPU.Deploy.0 = Release|Any CPU
		{102A6951-C129-4A07-A4C2-B495D84FCFEB}.Release|iPhone.ActiveCfg = Release|Any CPU
		{102A6951-C129-4A07-A4C2-B495D84FCFEB}.Release|iPhone.Build.0 = Release|Any CPU
		{102A6951-C129-4A07-A4C2-B495D84FCFEB}.Release|iPhone.Deploy.0 = Release|Any CPU
		{102A6951-C129-4A07-A4C2-B495D84FCFEB}.Release|iPhoneSimulator.ActiveCfg = Release|Any CPU
		{102A6951-C129-4A07-A4C2-B495D84FCFEB}.Release|iPhoneSimulator.Build.0 = Release|Any CPU
		{102A6951-C129-4A07-A4C2-B495D84FCFEB}.Release|iPhoneSimulator.Deploy.0 = Release|Any CPU
		{C1360078-2356-4D31-88E3-BC5D4E3D4E1A}.Ad-Hoc|Any CPU.ActiveCfg = Ad-Hoc|iPhone
		{C1360078-2356-4D31-88E3-BC5D4E3D4E1A}.Ad-Hoc|Any CPU.Build.0 = Ad-Hoc|iPhone
		{C1360078-2356-4D31-88E3-BC5D4E3D4E1A}.Ad-Hoc|Any CPU.Deploy.0 = Ad-Hoc|iPhone
		{C1360078-2356-4D31-88E3-BC5D4E3D4E1A}.Ad-Hoc|iPhone.ActiveCfg = Ad-Hoc|iPhone
		{C1360078-2356-4D31-88E3-BC5D4E3D4E1A}.Ad-Hoc|iPhone.Build.0 = Ad-Hoc|iPhone
		{C1360078-2356-4D31-88E3-BC5D4E3D4E1A}.Ad-Hoc|iPhone.Deploy.0 = Ad-Hoc|iPhone
		{C1360078-2356-4D31-88E3-BC5D4E3D4E1A}.Ad-Hoc|iPhoneSimulator.ActiveCfg = Ad-Hoc|iPhoneSimulator
		{C1360078-2356-4D31-88E3-BC5D4E3D4E1A}.Ad-Hoc|iPhoneSimulator.Build.0 = Ad-Hoc|iPhoneSimulator
		{C1360078-2356-4D31-88E3-BC5D4E3D4E1A}.Ad-Hoc|iPhoneSimulator.Deploy.0 = Ad-Hoc|iPhoneSimulator
		{C1360078-2356-4D31-88E3-BC5D4E3D4E1A}.AppStore|Any CPU.ActiveCfg = AppStore|iPhone
		{C1360078-2356-4D31-88E3-BC5D4E3D4E1A}.AppStore|Any CPU.Build.0 = AppStore|iPhone
		{C1360078-2356-4D31-88E3-BC5D4E3D4E1A}.AppStore|Any CPU.Deploy.0 = AppStore|iPhone
		{C1360078-2356-4D31-88E3-BC5D4E3D4E1A}.AppStore|iPhone.ActiveCfg = AppStore|iPhone
		{C1360078-2356-4D31-88E3-BC5D4E3D4E1A}.AppStore|iPhone.Build.0 = AppStore|iPhone
		{C1360078-2356-4D31-88E3-BC5D4E3D4E1A}.AppStore|iPhone.Deploy.0 = AppStore|iPhone
		{C1360078-2356-4D31-88E3-BC5D4E3D4E1A}.AppStore|iPhoneSimulator.ActiveCfg = AppStore|iPhoneSimulator
		{C1360078-2356-4D31-88E3-BC5D4E3D4E1A}.AppStore|iPhoneSimulator.Build.0 = AppStore|iPhoneSimulator
		{C1360078-2356-4D31-88E3-BC5D4E3D4E1A}.AppStore|iPhoneSimulator.Deploy.0 = AppStore|iPhoneSimulator
		{C1360078-2356-4D31-88E3-BC5D4E3D4E1A}.Debug|Any CPU.ActiveCfg = Debug|iPhoneSimulator
		{C1360078-2356-4D31-88E3-BC5D4E3D4E1A}.Debug|Any CPU.Build.0 = Debug|iPhoneSimulator
		{C1360078-2356-4D31-88E3-BC5D4E3D4E1A}.Debug|Any CPU.Deploy.0 = Debug|iPhoneSimulator
		{C1360078-2356-4D31-88E3-BC5D4E3D4E1A}.Debug|iPhone.ActiveCfg = Debug|iPhone
		{C1360078-2356-4D31-88E3-BC5D4E3D4E1A}.Debug|iPhone.Build.0 = Debug|iPhone
		{C1360078-2356-4D31-88E3-BC5D4E3D4E1A}.Debug|iPhone.Deploy.0 = Debug|iPhone
		{C1360078-2356-4D31-88E3-BC5D4E3D4E1A}.Debug|iPhoneSimulator.ActiveCfg = Debug|iPhoneSimulator
		{C1360078-2356-4D31-88E3-BC5D4E3D4E1A}.Debug|iPhoneSimulator.Build.0 = Debug|iPhoneSimulator
		{C1360078-2356-4D31-88E3-BC5D4E3D4E1A}.Debug|iPhoneSimulator.Deploy.0 = Debug|iPhoneSimulator
		{C1360078-2356-4D31-88E3-BC5D4E3D4E1A}.Release|Any CPU.ActiveCfg = Release|iPhone
		{C1360078-2356-4D31-88E3-BC5D4E3D4E1A}.Release|Any CPU.Build.0 = Release|iPhone
		{C1360078-2356-4D31-88E3-BC5D4E3D4E1A}.Release|Any CPU.Deploy.0 = Release|iPhone
		{C1360078-2356-4D31-88E3-BC5D4E3D4E1A}.Release|iPhone.ActiveCfg = Release|iPhone
		{C1360078-2356-4D31-88E3-BC5D4E3D4E1A}.Release|iPhone.Build.0 = Release|iPhone
		{C1360078-2356-4D31-88E3-BC5D4E3D4E1A}.Release|iPhone.Deploy.0 = Release|iPhone
		{C1360078-2356-4D31-88E3-BC5D4E3D4E1A}.Release|iPhoneSimulator.ActiveCfg = Release|iPhoneSimulator
		{C1360078-2356-4D31-88E3-BC5D4E3D4E1A}.Release|iPhoneSimulator.Build.0 = Release|iPhoneSimulator
		{C1360078-2356-4D31-88E3-BC5D4E3D4E1A}.Release|iPhoneSimulator.Deploy.0 = Release|iPhoneSimulator
		{6E492ADC-2F5F-4B50-9783-6FE752FFC88F}.Ad-Hoc|Any CPU.ActiveCfg = Debug|Any CPU
		{6E492ADC-2F5F-4B50-9783-6FE752FFC88F}.Ad-Hoc|Any CPU.Build.0 = Debug|Any CPU
		{6E492ADC-2F5F-4B50-9783-6FE752FFC88F}.Ad-Hoc|Any CPU.Deploy.0 = Debug|Any CPU
		{6E492ADC-2F5F-4B50-9783-6FE752FFC88F}.Ad-Hoc|iPhone.ActiveCfg = Debug|Any CPU
		{6E492ADC-2F5F-4B50-9783-6FE752FFC88F}.Ad-Hoc|iPhone.Build.0 = Debug|Any CPU
		{6E492ADC-2F5F-4B50-9783-6FE752FFC88F}.Ad-Hoc|iPhone.Deploy.0 = Debug|Any CPU
		{6E492ADC-2F5F-4B50-9783-6FE752FFC88F}.Ad-Hoc|iPhoneSimulator.ActiveCfg = Debug|Any CPU
		{6E492ADC-2F5F-4B50-9783-6FE752FFC88F}.Ad-Hoc|iPhoneSimulator.Build.0 = Debug|Any CPU
		{6E492ADC-2F5F-4B50-9783-6FE752FFC88F}.Ad-Hoc|iPhoneSimulator.Deploy.0 = Debug|Any CPU
		{6E492ADC-2F5F-4B50-9783-6FE752FFC88F}.AppStore|Any CPU.ActiveCfg = Debug|Any CPU
		{6E492ADC-2F5F-4B50-9783-6FE752FFC88F}.AppStore|Any CPU.Build.0 = Debug|Any CPU
		{6E492ADC-2F5F-4B50-9783-6FE752FFC88F}.AppStore|Any CPU.Deploy.0 = Debug|Any CPU
		{6E492ADC-2F5F-4B50-9783-6FE752FFC88F}.AppStore|iPhone.ActiveCfg = Debug|Any CPU
		{6E492ADC-2F5F-4B50-9783-6FE752FFC88F}.AppStore|iPhone.Build.0 = Debug|Any CPU
		{6E492ADC-2F5F-4B50-9783-6FE752FFC88F}.AppStore|iPhone.Deploy.0 = Debug|Any CPU
		{6E492ADC-2F5F-4B50-9783-6FE752FFC88F}.AppStore|iPhoneSimulator.ActiveCfg = Debug|Any CPU
		{6E492ADC-2F5F-4B50-9783-6FE752FFC88F}.AppStore|iPhoneSimulator.Build.0 = Debug|Any CPU
		{6E492ADC-2F5F-4B50-9783-6FE752FFC88F}.AppStore|iPhoneSimulator.Deploy.0 = Debug|Any CPU
		{6E492ADC-2F5F-4B50-9783-6FE752FFC88F}.Debug|Any CPU.ActiveCfg = Debug|Any CPU
		{6E492ADC-2F5F-4B50-9783-6FE752FFC88F}.Debug|Any CPU.Build.0 = Debug|Any CPU
		{6E492ADC-2F5F-4B50-9783-6FE752FFC88F}.Debug|Any CPU.Deploy.0 = Debug|Any CPU
		{6E492ADC-2F5F-4B50-9783-6FE752FFC88F}.Debug|iPhone.ActiveCfg = Debug|Any CPU
		{6E492ADC-2F5F-4B50-9783-6FE752FFC88F}.Debug|iPhone.Build.0 = Debug|Any CPU
		{6E492ADC-2F5F-4B50-9783-6FE752FFC88F}.Debug|iPhone.Deploy.0 = Debug|Any CPU
		{6E492ADC-2F5F-4B50-9783-6FE752FFC88F}.Debug|iPhoneSimulator.ActiveCfg = Debug|Any CPU
		{6E492ADC-2F5F-4B50-9783-6FE752FFC88F}.Debug|iPhoneSimulator.Build.0 = Debug|Any CPU
		{6E492ADC-2F5F-4B50-9783-6FE752FFC88F}.Debug|iPhoneSimulator.Deploy.0 = Debug|Any CPU
		{6E492ADC-2F5F-4B50-9783-6FE752FFC88F}.Release|Any CPU.ActiveCfg = Release|Any CPU
		{6E492ADC-2F5F-4B50-9783-6FE752FFC88F}.Release|Any CPU.Build.0 = Release|Any CPU
		{6E492ADC-2F5F-4B50-9783-6FE752FFC88F}.Release|Any CPU.Deploy.0 = Release|Any CPU
		{6E492ADC-2F5F-4B50-9783-6FE752FFC88F}.Release|iPhone.ActiveCfg = Release|Any CPU
		{6E492ADC-2F5F-4B50-9783-6FE752FFC88F}.Release|iPhone.Build.0 = Release|Any CPU
		{6E492ADC-2F5F-4B50-9783-6FE752FFC88F}.Release|iPhone.Deploy.0 = Release|Any CPU
		{6E492ADC-2F5F-4B50-9783-6FE752FFC88F}.Release|iPhoneSimulator.ActiveCfg = Release|Any CPU
		{6E492ADC-2F5F-4B50-9783-6FE752FFC88F}.Release|iPhoneSimulator.Build.0 = Release|Any CPU
		{6E492ADC-2F5F-4B50-9783-6FE752FFC88F}.Release|iPhoneSimulator.Deploy.0 = Release|Any CPU
	EndGlobalSection
	GlobalSection(SolutionProperties) = preSolution
		HideSolutionNode = FALSE
	EndGlobalSection
	GlobalSection(ExtensibilityGlobals) = postSolution
		SolutionGuid = {A160B07D-67CF-4513-A91C-4BF3E6D9CB91}
	EndGlobalSection
EndGlobal
